
Microsoft Visual Studio Solution File, Format Version 12.00
# Visual Studio 15
VisualStudioVersion = 15.0.27130.2020
MinimumVisualStudioVersion = 10.0.40219.1
Project("{FAE04EC0-301F-11D3-BF4B-00C04F79EFBC}") = "Sharp386", "Sharp386\Sharp386.csproj", "{31B1F951-D40A-4C69-836C-054B1BB7E1EA}"
EndProject
Global
	GlobalSection(SolutionConfigurationPlatforms) = preSolution
		Debug|Any CPU = Debug|Any CPU
		Release|Any CPU = Release|Any CPU
	EndGlobalSection
	GlobalSection(ProjectConfigurationPlatforms) = postSolution
		{31B1F951-D40A-4C69-836C-054B1BB7E1EA}.Debug|Any CPU.ActiveCfg = Debug|Any CPU
		{31B1F951-D40A-4C69-836C-054B1BB7E1EA}.Debug|Any CPU.Build.0 = Debug|Any CPU
		{31B1F951-D40A-4C69-836C-054B1BB7E1EA}.Release|Any CPU.ActiveCfg = Release|Any CPU
		{31B1F951-D40A-4C69-836C-054B1BB7E1EA}.Release|Any CPU.Build.0 = Release|Any CPU
	EndGlobalSection
	GlobalSection(SolutionProperties) = preSolution
		HideSolutionNode = FALSE
	EndGlobalSection
	GlobalSection(ExtensibilityGlobals) = postSolution
		SolutionGuid = {576C39A3-FDB9-45C1-9D3D-9EC636F4C454}
	EndGlobalSection
EndGlobal
